
Microsoft Visual Studio Solution File, Format Version 12.00
# Visual Studio 15
VisualStudioVersion = 15.0.28307.421
MinimumVisualStudioVersion = 10.0.40219.1
Project("{9A19103F-16F7-4668-BE54-9A1E7A4F7556}") = "DeReddit", "DeReddit\DeReddit.csproj", "{2E91EFBF-D719-4372-9E83-7606FB72F879}"
EndProject
Project("{9A19103F-16F7-4668-BE54-9A1E7A4F7556}") = "RedditSharp", "dependencies\RedditSharp\RedditSharp\RedditSharp.csproj", "{D75C0982-173E-4796-9359-6CEE0857FB0B}"
EndProject
Global
	GlobalSection(SolutionConfigurationPlatforms) = preSolution
		Debug|Any CPU = Debug|Any CPU
		Release|Any CPU = Release|Any CPU
	EndGlobalSection
	GlobalSection(ProjectConfigurationPlatforms) = postSolution
		{2E91EFBF-D719-4372-9E83-7606FB72F879}.Debug|Any CPU.ActiveCfg = Debug|Any CPU
		{2E91EFBF-D719-4372-9E83-7606FB72F879}.Debug|Any CPU.Build.0 = Debug|Any CPU
		{2E91EFBF-D719-4372-9E83-7606FB72F879}.Release|Any CPU.ActiveCfg = Release|Any CPU
		{2E91EFBF-D719-4372-9E83-7606FB72F879}.Release|Any CPU.Build.0 = Release|Any CPU
		{D75C0982-173E-4796-9359-6CEE0857FB0B}.Debug|Any CPU.ActiveCfg = Debug|Any CPU
		{D75C0982-173E-4796-9359-6CEE0857FB0B}.Debug|Any CPU.Build.0 = Debug|Any CPU
		{D75C0982-173E-4796-9359-6CEE0857FB0B}.Release|Any CPU.ActiveCfg = Release|Any CPU
		{D75C0982-173E-4796-9359-6CEE0857FB0B}.Release|Any CPU.Build.0 = Release|Any CPU
	EndGlobalSection
	GlobalSection(SolutionProperties) = preSolution
		HideSolutionNode = FALSE
	EndGlobalSection
	GlobalSection(ExtensibilityGlobals) = postSolution
		SolutionGuid = {7980DCB7-5E7B-4C4B-A4CF-E149F4938EC4}
	EndGlobalSection
EndGlobal
